
Microsoft Visual Studio Solution File, Format Version 12.00
# Visual Studio Version 17
VisualStudioVersion = 17.3.32929.385
MinimumVisualStudioVersion = 10.0.40219.1
Project("{FAE04EC0-301F-11D3-BF4B-00C04F79EFBC}") = "ArrayList Tek Ve çift sayılar toplami", "ArrayList Tek Ve çift sayılar toplami.csproj", "{6B152286-A063-4AB4-9526-37BAE4952CE4}"
EndProject
Global
	GlobalSection(SolutionConfigurationPlatforms) = preSolution
		Debug|Any CPU = Debug|Any CPU
		Release|Any CPU = Release|Any CPU
	EndGlobalSection
	GlobalSection(ProjectConfigurationPlatforms) = postSolution
		{6B152286-A063-4AB4-9526-37BAE4952CE4}.Debug|Any CPU.ActiveCfg = Debug|Any CPU
		{6B152286-A063-4AB4-9526-37BAE4952CE4}.Debug|Any CPU.Build.0 = Debug|Any CPU
		{6B152286-A063-4AB4-9526-37BAE4952CE4}.Release|Any CPU.ActiveCfg = Release|Any CPU
		{6B152286-A063-4AB4-9526-37BAE4952CE4}.Release|Any CPU.Build.0 = Release|Any CPU
	EndGlobalSection
	GlobalSection(SolutionProperties) = preSolution
		HideSolutionNode = FALSE
	EndGlobalSection
	GlobalSection(ExtensibilityGlobals) = postSolution
		SolutionGuid = {D5AF0429-FE90-439D-8980-994392D56B7A}
	EndGlobalSection
EndGlobal
